# This file is automatically @generated by Cargo.
# It is not intended for manual editing.
version = 3

[[package]]
name = "msfe-api"
version = "0.0.4"

[[package]]
name = "msfe-cli"
version = "0.0.4"
dependencies = [
 "msfe-api",
 "msfe-core",
]

[[package]]
name = "msfe-core"
version = "0.0.4"
dependencies = [
 "msfe-api",
]

[[package]]
name = "msfe-ngd"
version = "0.0.4"
dependencies = [
 "msfe-api",
 "msfe-core",
]
